lockfileVersion: '9.0'

settings:
  autoInstallPeers: true
  excludeLinksFromLockfile: false

importers:

  .:
    devDependencies:
      rollup:
        specifier: ^4.2.0
        version: 4.52.2

packages:

  '@rollup/rollup-android-arm-eabi@4.52.2':
    resolution: {integrity: sha512-o3pcKzJgSGt4d74lSZ+OCnHwkKBeAbFDmbEm5gg70eA8VkyCuC/zV9TwBnmw6VjDlRdF4Pshfb+WE9E6XY1PoQ==}
    cpu: [arm]
    os: [android]

  '@rollup/rollup-android-arm64@4.52.2':
    resolution: {integrity: sha512-cqFSWO5tX2vhC9hJTK8WAiPIm4Q8q/cU8j2HQA0L3E1uXvBYbOZMhE2oFL8n2pKB5sOCHY6bBuHaRwG7TkfJyw==}
    cpu: [arm64]
    os: [android]

  '@rollup/rollup-darwin-arm64@4.52.2':
    resolution: {integrity: sha512-vngduywkkv8Fkh3wIZf5nFPXzWsNsVu1kvtLETWxTFf/5opZmflgVSeLgdHR56RQh71xhPhWoOkEBvbehwTlVA==}
    cpu: [arm64]
    os: [darwin]

  '@rollup/rollup-darwin-x64@4.52.2':
    resolution: {integrity: sha512-h11KikYrUCYTrDj6h939hhMNlqU2fo/X4NB0OZcys3fya49o1hmFaczAiJWVAFgrM1NCP6RrO7lQKeVYSKBPSQ==}
    cpu: [x64]
    os: [darwin]

  '@rollup/rollup-freebsd-arm64@4.52.2':
    resolution: {integrity: sha512-/eg4CI61ZUkLXxMHyVlmlGrSQZ34xqWlZNW43IAU4RmdzWEx0mQJ2mN/Cx4IHLVZFL6UBGAh+/GXhgvGb+nVxw==}
    cpu: [arm64]
    os: [freebsd]

  '@rollup/rollup-freebsd-x64@4.52.2':
    resolution: {integrity: sha512-QOWgFH5X9+p+S1NAfOqc0z8qEpJIoUHf7OWjNUGOeW18Mx22lAUOiA9b6r2/vpzLdfxi/f+VWsYjUOMCcYh0Ng==}
    cpu: [x64]
    os: [freebsd]

  '@rollup/rollup-linux-arm-gnueabihf@4.52.2':
    resolution: {integrity: sha512-kDWSPafToDd8LcBYd1t5jw7bD5Ojcu12S3uT372e5HKPzQt532vW+rGFFOaiR0opxePyUkHrwz8iWYEyH1IIQA==}
    cpu: [arm]
    os: [linux]

  '@rollup/rollup-linux-arm-musleabihf@4.52.2':
    resolution: {integrity: sha512-gKm7Mk9wCv6/rkzwCiUC4KnevYhlf8ztBrDRT9g/u//1fZLapSRc+eDZj2Eu2wpJ+0RzUKgtNijnVIB4ZxyL+w==}
    cpu: [arm]
    os: [linux]

  '@rollup/rollup-linux-arm64-gnu@4.52.2':
    resolution: {integrity: sha512-66lA8vnj5mB/rtDNwPgrrKUOtCLVQypkyDa2gMfOefXK6rcZAxKLO9Fy3GkW8VkPnENv9hBkNOFfGLf6rNKGUg==}
    cpu: [arm64]
    os: [linux]

  '@rollup/rollup-linux-arm64-musl@4.52.2':
    resolution: {integrity: sha512-s+OPucLNdJHvuZHuIz2WwncJ+SfWHFEmlC5nKMUgAelUeBUnlB4wt7rXWiyG4Zn07uY2Dd+SGyVa9oyLkVGOjA==}
    cpu: [arm64]
    os: [linux]

  '@rollup/rollup-linux-loong64-gnu@4.52.2':
    resolution: {integrity: sha512-8wTRM3+gVMDLLDdaT6tKmOE3lJyRy9NpJUS/ZRWmLCmOPIJhVyXwjBo+XbrrwtV33Em1/eCTd5TuGJm4+DmYjw==}
    cpu: [loong64]
    os: [linux]

  '@rollup/rollup-linux-ppc64-gnu@4.52.2':
    resolution: {integrity: sha512-6yqEfgJ1anIeuP2P/zhtfBlDpXUb80t8DpbYwXQ3bQd95JMvUaqiX+fKqYqUwZXqdJDd8xdilNtsHM2N0cFm6A==}
    cpu: [ppc64]
    os: [linux]

  '@rollup/rollup-linux-riscv64-gnu@4.52.2':
    resolution: {integrity: sha512-sshYUiYVSEI2B6dp4jMncwxbrUqRdNApF2c3bhtLAU0qA8Lrri0p0NauOsTWh3yCCCDyBOjESHMExonp7Nzc0w==}
    cpu: [riscv64]
    os: [linux]

  '@rollup/rollup-linux-riscv64-musl@4.52.2':
    resolution: {integrity: sha512-duBLgd+3pqC4MMwBrKkFxaZerUxZcYApQVC5SdbF5/e/589GwVvlRUnyqMFbM8iUSb1BaoX/3fRL7hB9m2Pj8Q==}
    cpu: [riscv64]
    os: [linux]

  '@rollup/rollup-linux-s390x-gnu@4.52.2':
    resolution: {integrity: sha512-tzhYJJidDUVGMgVyE+PmxENPHlvvqm1KILjjZhB8/xHYqAGeizh3GBGf9u6WdJpZrz1aCpIIHG0LgJgH9rVjHQ==}
    cpu: [s390x]
    os: [linux]

  '@rollup/rollup-linux-x64-gnu@4.52.2':
    resolution: {integrity: sha512-opH8GSUuVcCSSyHHcl5hELrmnk4waZoVpgn/4FDao9iyE4WpQhyWJ5ryl5M3ocp4qkRuHfyXnGqg8M9oKCEKRA==}
    cpu: [x64]
    os: [linux]

  '@rollup/rollup-linux-x64-musl@4.52.2':
    resolution: {integrity: sha512-LSeBHnGli1pPKVJ79ZVJgeZWWZXkEe/5o8kcn23M8eMKCUANejchJbF/JqzM4RRjOJfNRhKJk8FuqL1GKjF5oQ==}
    cpu: [x64]
    os: [linux]

  '@rollup/rollup-openharmony-arm64@4.52.2':
    resolution: {integrity: sha512-uPj7MQ6/s+/GOpolavm6BPo+6CbhbKYyZHUDvZ/SmJM7pfDBgdGisFX3bY/CBDMg2ZO4utfhlApkSfZ92yXw7Q==}
    cpu: [arm64]
    os: [openharmony]

  '@rollup/rollup-win32-arm64-msvc@4.52.2':
    resolution: {integrity: sha512-Z9MUCrSgIaUeeHAiNkm3cQyst2UhzjPraR3gYYfOjAuZI7tcFRTOD+4cHLPoS/3qinchth+V56vtqz1Tv+6KPA==}
    cpu: [arm64]
    os: [win32]

  '@rollup/rollup-win32-ia32-msvc@4.52.2':
    resolution: {integrity: sha512-+GnYBmpjldD3XQd+HMejo+0gJGwYIOfFeoBQv32xF/RUIvccUz20/V6Otdv+57NE70D5pa8W/jVGDoGq0oON4A==}
    cpu: [ia32]
    os: [win32]

  '@rollup/rollup-win32-x64-gnu@4.52.2':
    resolution: {integrity: sha512-ApXFKluSB6kDQkAqZOKXBjiaqdF1BlKi+/eqnYe9Ee7U2K3pUDKsIyr8EYm/QDHTJIM+4X+lI0gJc3TTRhd+dA==}
    cpu: [x64]
    os: [win32]

  '@rollup/rollup-win32-x64-msvc@4.52.2':
    resolution: {integrity: sha512-ARz+Bs8kY6FtitYM96PqPEVvPXqEZmPZsSkXvyX19YzDqkCaIlhCieLLMI5hxO9SRZ2XtCtm8wxhy0iJ2jxNfw==}
    cpu: [x64]
    os: [win32]

  '@types/estree@1.0.8':
    resolution: {integrity: sha512-dWHzHa2WqEXI/O1E9OjrocMTKJl2mSrEolh1Iomrv6U+JuNwaHXsXx9bLu5gG7BUWFIN0skIQJQ/L1rIex4X6w==}

  fsevents@2.3.3:
    resolution: {integrity: sha512-5xoDfX+fL7faATnagmWPpbFtwh/R77WmMMqqHGS65C3vvB0YHrgF+B1YmZ3441tMj5n63k0212XNoJwzlhffQw==}
    engines: {node: ^8.16.0 || ^10.6.0 || >=11.0.0}
    os: [darwin]

  rollup@4.52.2:
    resolution: {integrity: sha512-I25/2QgoROE1vYV+NQ1En9T9UFB9Cmfm2CJ83zZOlaDpvz29wGQSZXWKw7MiNXau7wYgB/T9fVIdIuEQ+KbiiA==}
    engines: {node: '>=18.0.0', npm: '>=8.0.0'}
    hasBin: true

snapshots:

  '@rollup/rollup-android-arm-eabi@4.52.2':
    optional: true

  '@rollup/rollup-android-arm64@4.52.2':
    optional: true

  '@rollup/rollup-darwin-arm64@4.52.2':
    optional: true

  '@rollup/rollup-darwin-x64@4.52.2':
    optional: true

  '@rollup/rollup-freebsd-arm64@4.52.2':
    optional: true

  '@rollup/rollup-freebsd-x64@4.52.2':
    optional: true

  '@rollup/rollup-linux-arm-gnueabihf@4.52.2':
    optional: true

  '@rollup/rollup-linux-arm-musleabihf@4.52.2':
    optional: true

  '@rollup/rollup-linux-arm64-gnu@4.52.2':
    optional: true

  '@rollup/rollup-linux-arm64-musl@4.52.2':
    optional: true

  '@rollup/rollup-linux-loong64-gnu@4.52.2':
    optional: true

  '@rollup/rollup-linux-ppc64-gnu@4.52.2':
    optional: true

  '@rollup/rollup-linux-riscv64-gnu@4.52.2':
    optional: true

  '@rollup/rollup-linux-riscv64-musl@4.52.2':
    optional: true

  '@rollup/rollup-linux-s390x-gnu@4.52.2':
    optional: true

  '@rollup/rollup-linux-x64-gnu@4.52.2':
    optional: true

  '@rollup/rollup-linux-x64-musl@4.52.2':
    optional: true

  '@rollup/rollup-openharmony-arm64@4.52.2':
    optional: true

  '@rollup/rollup-win32-arm64-msvc@4.52.2':
    optional: true

  '@rollup/rollup-win32-ia32-msvc@4.52.2':
    optional: true

  '@rollup/rollup-win32-x64-gnu@4.52.2':
    optional: true

  '@rollup/rollup-win32-x64-msvc@4.52.2':
    optional: true

  '@types/estree@1.0.8': {}

  fsevents@2.3.3:
    optional: true

  rollup@4.52.2:
    dependencies:
      '@types/estree': 1.0.8
    optionalDependencies:
      '@rollup/rollup-android-arm-eabi': 4.52.2
      '@rollup/rollup-android-arm64': 4.52.2
      '@rollup/rollup-darwin-arm64': 4.52.2
      '@rollup/rollup-darwin-x64': 4.52.2
      '@rollup/rollup-freebsd-arm64': 4.52.2
      '@rollup/rollup-freebsd-x64': 4.52.2
      '@rollup/rollup-linux-arm-gnueabihf': 4.52.2
      '@rollup/rollup-linux-arm-musleabihf': 4.52.2
      '@rollup/rollup-linux-arm64-gnu': 4.52.2
      '@rollup/rollup-linux-arm64-musl': 4.52.2
      '@rollup/rollup-linux-loong64-gnu': 4.52.2
      '@rollup/rollup-linux-ppc64-gnu': 4.52.2
      '@rollup/rollup-linux-riscv64-gnu': 4.52.2
      '@rollup/rollup-linux-riscv64-musl': 4.52.2
      '@rollup/rollup-linux-s390x-gnu': 4.52.2
      '@rollup/rollup-linux-x64-gnu': 4.52.2
      '@rollup/rollup-linux-x64-musl': 4.52.2
      '@rollup/rollup-openharmony-arm64': 4.52.2
      '@rollup/rollup-win32-arm64-msvc': 4.52.2
      '@rollup/rollup-win32-ia32-msvc': 4.52.2
      '@rollup/rollup-win32-x64-gnu': 4.52.2
      '@rollup/rollup-win32-x64-msvc': 4.52.2
      fsevents: 2.3.3
